
Microsoft Visual Studio Solution File, Format Version 12.00
# Visual Studio Version 16
VisualStudioVersion = 16.0.31321.278
MinimumVisualStudioVersion = 10.0.40219.1
Project("{FAE04EC0-301F-11D3-BF4B-00C04F79EFBC}") = "HelloShortly.KMM.RestApi", "HelloShortly.KMM.RestApi\HelloShortly.KMM.RestApi.csproj", "{8E621515-60B6-464B-852A-075DA08FC896}"
EndProject
Global
	GlobalSection(SolutionConfigurationPlatforms) = preSolution
		Debug|Any CPU = Debug|Any CPU
		Release|Any CPU = Release|Any CPU
	EndGlobalSection
	GlobalSection(ProjectConfigurationPlatforms) = postSolution
		{8E621515-60B6-464B-852A-075DA08FC896}.Debug|Any CPU.ActiveCfg = Debug|Any CPU
		{8E621515-60B6-464B-852A-075DA08FC896}.Debug|Any CPU.Build.0 = Debug|Any CPU
		{8E621515-60B6-464B-852A-075DA08FC896}.Release|Any CPU.ActiveCfg = Release|Any CPU
		{8E621515-60B6-464B-852A-075DA08FC896}.Release|Any CPU.Build.0 = Release|Any CPU
	EndGlobalSection
	GlobalSection(SolutionProperties) = preSolution
		HideSolutionNode = FALSE
	EndGlobalSection
	GlobalSection(ExtensibilityGlobals) = postSolution
		SolutionGuid = {A0542B4C-150F-4208-BF11-ABFFB4912E15}
	EndGlobalSection
EndGlobal
